
Microsoft Visual Studio Solution File, Format Version 12.00
Project("{FAE04EC0-301F-11D3-BF4B-00C04F79EFBC}") = "Valet", "Valet\Valet.csproj", "{2BDDC277-D122-4D92-BE5B-B471661AF6ED}"
EndProject
Global
	GlobalSection(SolutionConfigurationPlatforms) = preSolution
		Debug|Any CPU = Debug|Any CPU
		Release|Any CPU = Release|Any CPU
	EndGlobalSection
	GlobalSection(ProjectConfigurationPlatforms) = postSolution
		{2BDDC277-D122-4D92-BE5B-B471661AF6ED}.Debug|Any CPU.ActiveCfg = Debug|Any CPU
		{2BDDC277-D122-4D92-BE5B-B471661AF6ED}.Debug|Any CPU.Build.0 = Debug|Any CPU
		{2BDDC277-D122-4D92-BE5B-B471661AF6ED}.Release|Any CPU.ActiveCfg = Release|Any CPU
		{2BDDC277-D122-4D92-BE5B-B471661AF6ED}.Release|Any CPU.Build.0 = Release|Any CPU
	EndGlobalSection
EndGlobal
