
Microsoft Visual Studio Solution File, Format Version 12.00
Project("{FAE04EC0-301F-11D3-BF4B-00C04F79EFBC}") = "ActionsImporter", "ActionsImporter\ActionsImporter.csproj", "{2BDDC277-D122-4D92-BE5B-B471661AF6ED}"
EndProject
Project("{FAE04EC0-301F-11D3-BF4B-00C04F79EFBC}") = "ActionsImporter.UnitTests", "ActionsImporter.UnitTests\ActionsImporter.UnitTests.csproj", "{5EA9047C-5831-421C-926E-87C0BFFE7678}"
EndProject
Project("{FAE04EC0-301F-11D3-BF4B-00C04F79EFBC}") = "ActionsImporter.ThirdPartyLicenseGenerator", "ActionsImporter.ThirdPartyLicenseGenerator\ActionsImporter.ThirdPartyLicenseGenerator.csproj", "{3CD43983-77C4-4316-A920-4551C5612133}"
EndProject
Global
	GlobalSection(SolutionConfigurationPlatforms) = preSolution
		Debug|Any CPU = Debug|Any CPU
		Release|Any CPU = Release|Any CPU
	EndGlobalSection
	GlobalSection(ProjectConfigurationPlatforms) = postSolution
		{2BDDC277-D122-4D92-BE5B-B471661AF6ED}.Debug|Any CPU.ActiveCfg = Debug|Any CPU
		{2BDDC277-D122-4D92-BE5B-B471661AF6ED}.Debug|Any CPU.Build.0 = Debug|Any CPU
		{2BDDC277-D122-4D92-BE5B-B471661AF6ED}.Release|Any CPU.ActiveCfg = Release|Any CPU
		{2BDDC277-D122-4D92-BE5B-B471661AF6ED}.Release|Any CPU.Build.0 = Release|Any CPU
		{5EA9047C-5831-421C-926E-87C0BFFE7678}.Debug|Any CPU.ActiveCfg = Debug|Any CPU
		{5EA9047C-5831-421C-926E-87C0BFFE7678}.Debug|Any CPU.Build.0 = Debug|Any CPU
		{5EA9047C-5831-421C-926E-87C0BFFE7678}.Release|Any CPU.ActiveCfg = Release|Any CPU
		{5EA9047C-5831-421C-926E-87C0BFFE7678}.Release|Any CPU.Build.0 = Release|Any CPU
		{3CD43983-77C4-4316-A920-4551C5612133}.Debug|Any CPU.ActiveCfg = Debug|Any CPU
		{3CD43983-77C4-4316-A920-4551C5612133}.Debug|Any CPU.Build.0 = Debug|Any CPU
		{3CD43983-77C4-4316-A920-4551C5612133}.Release|Any CPU.ActiveCfg = Release|Any CPU
		{3CD43983-77C4-4316-A920-4551C5612133}.Release|Any CPU.Build.0 = Release|Any CPU
	EndGlobalSection
EndGlobal
